
Microsoft Visual Studio Solution File, Format Version 12.00
# Visual Studio Version 17
VisualStudioVersion = 17.0.31903.59
MinimumVisualStudioVersion = 10.0.40219.1
Project("{2150E333-8FDC-42A3-9474-1A3956D46DE8}") = "src", "src", "{827E0CD3-B72D-47B6-A68D-7590B98EB39B}"
EndProject
Project("{FAE04EC0-301F-11D3-BF4B-00C04F79EFBC}") = "ElectronicPointer.Core", "src\ElectronicPointer.Core\ElectronicPointer.Core.csproj", "{97D941B8-120F-4407-9B4C-167B649B0AC4}"
EndProject
Project("{FAE04EC0-301F-11D3-BF4B-00C04F79EFBC}") = "ElectronicPointer.Rendering", "src\ElectronicPointer.Rendering\ElectronicPointer.Rendering.csproj", "{4D1E6218-1319-4E73-A131-26C25C8BEC32}"
EndProject
Project("{FAE04EC0-301F-11D3-BF4B-00C04F79EFBC}") = "ElectronicPointer.Platform.Abstractions", "src\ElectronicPointer.Platform.Abstractions\ElectronicPointer.Platform.Abstractions.csproj", "{9701835A-29BE-4A79-AC73-78A7176DEFB1}"
EndProject
Project("{FAE04EC0-301F-11D3-BF4B-00C04F79EFBC}") = "ElectronicPointer.Platform.Windows", "src\ElectronicPointer.Platform.Windows\ElectronicPointer.Platform.Windows.csproj", "{3F412E8A-E6BB-4715-AD49-1E1D0E7FE42F}"
EndProject
Project("{FAE04EC0-301F-11D3-BF4B-00C04F79EFBC}") = "ElectronicPointer.Platform.MacOS", "src\ElectronicPointer.Platform.MacOS\ElectronicPointer.Platform.MacOS.csproj", "{CBA818E2-C11D-4876-8E59-ABDDBDFA750E}"
EndProject
Project("{FAE04EC0-301F-11D3-BF4B-00C04F79EFBC}") = "ElectronicPointer.Platform.Linux", "src\ElectronicPointer.Platform.Linux\ElectronicPointer.Platform.Linux.csproj", "{6AF7E7D0-7B50-43E1-A79B-28134FC31347}"
EndProject
Project("{FAE04EC0-301F-11D3-BF4B-00C04F79EFBC}") = "ElectronicPointer.App", "src\ElectronicPointer.App\ElectronicPointer.App.csproj", "{94D549A0-B21A-4DB8-86F2-F077E0A9827E}"
EndProject
Project("{FAE04EC0-301F-11D3-BF4B-00C04F79EFBC}") = "ElectronicPointer.Core.Tests", "tests\ElectronicPointer.Core.Tests\ElectronicPointer.Core.Tests.csproj", "{AC205C27-1039-4660-92AE-9D18BEAC8EBA}"
EndProject
Project("{FAE04EC0-301F-11D3-BF4B-00C04F79EFBC}") = "ElectronicPointer.Rendering.Tests", "tests\ElectronicPointer.Rendering.Tests\ElectronicPointer.Rendering.Tests.csproj", "{6AF26427-E025-4747-8F37-EB53620606BE}"
EndProject
Project("{2150E333-8FDC-42A3-9474-1A3956D46DE8}") = "tests", "tests", "{0AB3BF05-4346-4AA6-1389-037BE0695223}"
EndProject
Project("{FAE04EC0-301F-11D3-BF4B-00C04F79EFBC}") = "ElectronicPointer.Platform.Linux.Tests", "tests\ElectronicPointer.Platform.Linux.Tests\ElectronicPointer.Platform.Linux.Tests.csproj", "{B41A4FB1-805D-42E4-9F65-9CC80858E401}"
EndProject
Global
	GlobalSection(SolutionConfigurationPlatforms) = preSolution
		Debug|Any CPU = Debug|Any CPU
		Debug|x64 = Debug|x64
		Debug|x86 = Debug|x86
		Release|Any CPU = Release|Any CPU
		Release|x64 = Release|x64
		Release|x86 = Release|x86
	EndGlobalSection
	GlobalSection(ProjectConfigurationPlatforms) = postSolution
		{97D941B8-120F-4407-9B4C-167B649B0AC4}.Debug|Any CPU.ActiveCfg = Debug|Any CPU
		{97D941B8-120F-4407-9B4C-167B649B0AC4}.Debug|Any CPU.Build.0 = Debug|Any CPU
		{97D941B8-120F-4407-9B4C-167B649B0AC4}.Debug|x64.ActiveCfg = Debug|Any CPU
		{97D941B8-120F-4407-9B4C-167B649B0AC4}.Debug|x64.Build.0 = Debug|Any CPU
		{97D941B8-120F-4407-9B4C-167B649B0AC4}.Debug|x86.ActiveCfg = Debug|Any CPU
		{97D941B8-120F-4407-9B4C-167B649B0AC4}.Debug|x86.Build.0 = Debug|Any CPU
		{97D941B8-120F-4407-9B4C-167B649B0AC4}.Release|Any CPU.ActiveCfg = Release|Any CPU
		{97D941B8-120F-4407-9B4C-167B649B0AC4}.Release|Any CPU.Build.0 = Release|Any CPU
		{97D941B8-120F-4407-9B4C-167B649B0AC4}.Release|x64.ActiveCfg = Release|Any CPU
		{97D941B8-120F-4407-9B4C-167B649B0AC4}.Release|x64.Build.0 = Release|Any CPU
		{97D941B8-120F-4407-9B4C-167B649B0AC4}.Release|x86.ActiveCfg = Release|Any CPU
		{97D941B8-120F-4407-9B4C-167B649B0AC4}.Release|x86.Build.0 = Release|Any CPU
		{4D1E6218-1319-4E73-A131-26C25C8BEC32}.Debug|Any CPU.ActiveCfg = Debug|Any CPU
		{4D1E6218-1319-4E73-A131-26C25C8BEC32}.Debug|Any CPU.Build.0 = Debug|Any CPU
		{4D1E6218-1319-4E73-A131-26C25C8BEC32}.Debug|x64.ActiveCfg = Debug|Any CPU
		{4D1E6218-1319-4E73-A131-26C25C8BEC32}.Debug|x64.Build.0 = Debug|Any CPU
		{4D1E6218-1319-4E73-A131-26C25C8BEC32}.Debug|x86.ActiveCfg = Debug|Any CPU
		{4D1E6218-1319-4E73-A131-26C25C8BEC32}.Debug|x86.Build.0 = Debug|Any CPU
		{4D1E6218-1319-4E73-A131-26C25C8BEC32}.Release|Any CPU.ActiveCfg = Release|Any CPU
		{4D1E6218-1319-4E73-A131-26C25C8BEC32}.Release|Any CPU.Build.0 = Release|Any CPU
		{4D1E6218-1319-4E73-A131-26C25C8BEC32}.Release|x64.ActiveCfg = Release|Any CPU
		{4D1E6218-1319-4E73-A131-26C25C8BEC32}.Release|x64.Build.0 = Release|Any CPU
		{4D1E6218-1319-4E73-A131-26C25C8BEC32}.Release|x86.ActiveCfg = Release|Any CPU
		{4D1E6218-1319-4E73-A131-26C25C8BEC32}.Release|x86.Build.0 = Release|Any CPU
		{9701835A-29BE-4A79-AC73-78A7176DEFB1}.Debug|Any CPU.ActiveCfg = Debug|Any CPU
		{9701835A-29BE-4A79-AC73-78A7176DEFB1}.Debug|Any CPU.Build.0 = Debug|Any CPU
		{9701835A-29BE-4A79-AC73-78A7176DEFB1}.Debug|x64.ActiveCfg = Debug|Any CPU
		{9701835A-29BE-4A79-AC73-78A7176DEFB1}.Debug|x64.Build.0 = Debug|Any CPU
		{9701835A-29BE-4A79-AC73-78A7176DEFB1}.Debug|x86.ActiveCfg = Debug|Any CPU
		{9701835A-29BE-4A79-AC73-78A7176DEFB1}.Debug|x86.Build.0 = Debug|Any CPU
		{9701835A-29BE-4A79-AC73-78A7176DEFB1}.Release|Any CPU.ActiveCfg = Release|Any CPU
		{9701835A-29BE-4A79-AC73-78A7176DEFB1}.Release|Any CPU.Build.0 = Release|Any CPU
		{9701835A-29BE-4A79-AC73-78A7176DEFB1}.Release|x64.ActiveCfg = Release|Any CPU
		{9701835A-29BE-4A79-AC73-78A7176DEFB1}.Release|x64.Build.0 = Release|Any CPU
		{9701835A-29BE-4A79-AC73-78A7176DEFB1}.Release|x86.ActiveCfg = Release|Any CPU
		{9701835A-29BE-4A79-AC73-78A7176DEFB1}.Release|x86.Build.0 = Release|Any CPU
		{3F412E8A-E6BB-4715-AD49-1E1D0E7FE42F}.Debug|Any CPU.ActiveCfg = Debug|Any CPU
		{3F412E8A-E6BB-4715-AD49-1E1D0E7FE42F}.Debug|Any CPU.Build.0 = Debug|Any CPU
		{3F412E8A-E6BB-4715-AD49-1E1D0E7FE42F}.Debug|x64.ActiveCfg = Debug|Any CPU
		{3F412E8A-E6BB-4715-AD49-1E1D0E7FE42F}.Debug|x64.Build.0 = Debug|Any CPU
		{3F412E8A-E6BB-4715-AD49-1E1D0E7FE42F}.Debug|x86.ActiveCfg = Debug|Any CPU
		{3F412E8A-E6BB-4715-AD49-1E1D0E7FE42F}.Debug|x86.Build.0 = Debug|Any CPU
		{3F412E8A-E6BB-4715-AD49-1E1D0E7FE42F}.Release|Any CPU.ActiveCfg = Release|Any CPU
		{3F412E8A-E6BB-4715-AD49-1E1D0E7FE42F}.Release|Any CPU.Build.0 = Release|Any CPU
		{3F412E8A-E6BB-4715-AD49-1E1D0E7FE42F}.Release|x64.ActiveCfg = Release|Any CPU
		{3F412E8A-E6BB-4715-AD49-1E1D0E7FE42F}.Release|x64.Build.0 = Release|Any CPU
		{3F412E8A-E6BB-4715-AD49-1E1D0E7FE42F}.Release|x86.ActiveCfg = Release|Any CPU
		{3F412E8A-E6BB-4715-AD49-1E1D0E7FE42F}.Release|x86.Build.0 = Release|Any CPU
		{CBA818E2-C11D-4876-8E59-ABDDBDFA750E}.Debug|Any CPU.ActiveCfg = Debug|Any CPU
		{CBA818E2-C11D-4876-8E59-ABDDBDFA750E}.Debug|Any CPU.Build.0 = Debug|Any CPU
		{CBA818E2-C11D-4876-8E59-ABDDBDFA750E}.Debug|x64.ActiveCfg = Debug|Any CPU
		{CBA818E2-C11D-4876-8E59-ABDDBDFA750E}.Debug|x64.Build.0 = Debug|Any CPU
		{CBA818E2-C11D-4876-8E59-ABDDBDFA750E}.Debug|x86.ActiveCfg = Debug|Any CPU
		{CBA818E2-C11D-4876-8E59-ABDDBDFA750E}.Debug|x86.Build.0 = Debug|Any CPU
		{CBA818E2-C11D-4876-8E59-ABDDBDFA750E}.Release|Any CPU.ActiveCfg = Release|Any CPU
		{CBA818E2-C11D-4876-8E59-ABDDBDFA750E}.Release|Any CPU.Build.0 = Release|Any CPU
		{CBA818E2-C11D-4876-8E59-ABDDBDFA750E}.Release|x64.ActiveCfg = Release|Any CPU
		{CBA818E2-C11D-4876-8E59-ABDDBDFA750E}.Release|x64.Build.0 = Release|Any CPU
		{CBA818E2-C11D-4876-8E59-ABDDBDFA750E}.Release|x86.ActiveCfg = Release|Any CPU
		{CBA818E2-C11D-4876-8E59-ABDDBDFA750E}.Release|x86.Build.0 = Release|Any CPU
		{6AF7E7D0-7B50-43E1-A79B-28134FC31347}.Debug|Any CPU.ActiveCfg = Debug|Any CPU
		{6AF7E7D0-7B50-43E1-A79B-28134FC31347}.Debug|Any CPU.Build.0 = Debug|Any CPU
		{6AF7E7D0-7B50-43E1-A79B-28134FC31347}.Debug|x64.ActiveCfg = Debug|Any CPU
		{6AF7E7D0-7B50-43E1-A79B-28134FC31347}.Debug|x64.Build.0 = Debug|Any CPU
		{6AF7E7D0-7B50-43E1-A79B-28134FC31347}.Debug|x86.ActiveCfg = Debug|Any CPU
		{6AF7E7D0-7B50-43E1-A79B-28134FC31347}.Debug|x86.Build.0 = Debug|Any CPU
		{6AF7E7D0-7B50-43E1-A79B-28134FC31347}.Release|Any CPU.ActiveCfg = Release|Any CPU
		{6AF7E7D0-7B50-43E1-A79B-28134FC31347}.Release|Any CPU.Build.0 = Release|Any CPU
		{6AF7E7D0-7B50-43E1-A79B-28134FC31347}.Release|x64.ActiveCfg = Release|Any CPU
		{6AF7E7D0-7B50-43E1-A79B-28134FC31347}.Release|x64.Build.0 = Release|Any CPU
		{6AF7E7D0-7B50-43E1-A79B-28134FC31347}.Release|x86.ActiveCfg = Release|Any CPU
		{6AF7E7D0-7B50-43E1-A79B-28134FC31347}.Release|x86.Build.0 = Release|Any CPU
		{94D549A0-B21A-4DB8-86F2-F077E0A9827E}.Debug|Any CPU.ActiveCfg = Debug|Any CPU
		{94D549A0-B21A-4DB8-86F2-F077E0A9827E}.Debug|Any CPU.Build.0 = Debug|Any CPU
		{94D549A0-B21A-4DB8-86F2-F077E0A9827E}.Debug|x64.ActiveCfg = Debug|Any CPU
		{94D549A0-B21A-4DB8-86F2-F077E0A9827E}.Debug|x64.Build.0 = Debug|Any CPU
		{94D549A0-B21A-4DB8-86F2-F077E0A9827E}.Debug|x86.ActiveCfg = Debug|Any CPU
		{94D549A0-B21A-4DB8-86F2-F077E0A9827E}.Debug|x86.Build.0 = Debug|Any CPU
		{94D549A0-B21A-4DB8-86F2-F077E0A9827E}.Release|Any CPU.ActiveCfg = Release|Any CPU
		{94D549A0-B21A-4DB8-86F2-F077E0A9827E}.Release|Any CPU.Build.0 = Release|Any CPU
		{94D549A0-B21A-4DB8-86F2-F077E0A9827E}.Release|x64.ActiveCfg = Release|Any CPU
		{94D549A0-B21A-4DB8-86F2-F077E0A9827E}.Release|x64.Build.0 = Release|Any CPU
		{94D549A0-B21A-4DB8-86F2-F077E0A9827E}.Release|x86.ActiveCfg = Release|Any CPU
		{94D549A0-B21A-4DB8-86F2-F077E0A9827E}.Release|x86.Build.0 = Release|Any CPU
		{AC205C27-1039-4660-92AE-9D18BEAC8EBA}.Debug|Any CPU.ActiveCfg = Debug|Any CPU
		{AC205C27-1039-4660-92AE-9D18BEAC8EBA}.Debug|Any CPU.Build.0 = Debug|Any CPU
		{AC205C27-1039-4660-92AE-9D18BEAC8EBA}.Debug|x64.ActiveCfg = Debug|Any CPU
		{AC205C27-1039-4660-92AE-9D18BEAC8EBA}.Debug|x64.Build.0 = Debug|Any CPU
		{AC205C27-1039-4660-92AE-9D18BEAC8EBA}.Debug|x86.ActiveCfg = Debug|Any CPU
		{AC205C27-1039-4660-92AE-9D18BEAC8EBA}.Debug|x86.Build.0 = Debug|Any CPU
		{AC205C27-1039-4660-92AE-9D18BEAC8EBA}.Release|Any CPU.ActiveCfg = Release|Any CPU
		{AC205C27-1039-4660-92AE-9D18BEAC8EBA}.Release|Any CPU.Build.0 = Release|Any CPU
		{AC205C27-1039-4660-92AE-9D18BEAC8EBA}.Release|x64.ActiveCfg = Release|Any CPU
		{AC205C27-1039-4660-92AE-9D18BEAC8EBA}.Release|x64.Build.0 = Release|Any CPU
		{AC205C27-1039-4660-92AE-9D18BEAC8EBA}.Release|x86.ActiveCfg = Release|Any CPU
		{AC205C27-1039-4660-92AE-9D18BEAC8EBA}.Release|x86.Build.0 = Release|Any CPU
		{6AF26427-E025-4747-8F37-EB53620606BE}.Debug|Any CPU.ActiveCfg = Debug|Any CPU
		{6AF26427-E025-4747-8F37-EB53620606BE}.Debug|Any CPU.Build.0 = Debug|Any CPU
		{6AF26427-E025-4747-8F37-EB53620606BE}.Debug|x64.ActiveCfg = Debug|Any CPU
		{6AF26427-E025-4747-8F37-EB53620606BE}.Debug|x64.Build.0 = Debug|Any CPU
		{6AF26427-E025-4747-8F37-EB53620606BE}.Debug|x86.ActiveCfg = Debug|Any CPU
		{6AF26427-E025-4747-8F37-EB53620606BE}.Debug|x86.Build.0 = Debug|Any CPU
		{6AF26427-E025-4747-8F37-EB53620606BE}.Release|Any CPU.ActiveCfg = Release|Any CPU
		{6AF26427-E025-4747-8F37-EB53620606BE}.Release|Any CPU.Build.0 = Release|Any CPU
		{6AF26427-E025-4747-8F37-EB53620606BE}.Release|x64.ActiveCfg = Release|Any CPU
		{6AF26427-E025-4747-8F37-EB53620606BE}.Release|x64.Build.0 = Release|Any CPU
		{6AF26427-E025-4747-8F37-EB53620606BE}.Release|x86.ActiveCfg = Release|Any CPU
		{6AF26427-E025-4747-8F37-EB53620606BE}.Release|x86.Build.0 = Release|Any CPU
		{B41A4FB1-805D-42E4-9F65-9CC80858E401}.Debug|Any CPU.ActiveCfg = Debug|Any CPU
		{B41A4FB1-805D-42E4-9F65-9CC80858E401}.Debug|Any CPU.Build.0 = Debug|Any CPU
		{B41A4FB1-805D-42E4-9F65-9CC80858E401}.Debug|x64.ActiveCfg = Debug|Any CPU
		{B41A4FB1-805D-42E4-9F65-9CC80858E401}.Debug|x64.Build.0 = Debug|Any CPU
		{B41A4FB1-805D-42E4-9F65-9CC80858E401}.Debug|x86.ActiveCfg = Debug|Any CPU
		{B41A4FB1-805D-42E4-9F65-9CC80858E401}.Debug|x86.Build.0 = Debug|Any CPU
		{B41A4FB1-805D-42E4-9F65-9CC80858E401}.Release|Any CPU.ActiveCfg = Release|Any CPU
		{B41A4FB1-805D-42E4-9F65-9CC80858E401}.Release|Any CPU.Build.0 = Release|Any CPU
		{B41A4FB1-805D-42E4-9F65-9CC80858E401}.Release|x64.ActiveCfg = Release|Any CPU
		{B41A4FB1-805D-42E4-9F65-9CC80858E401}.Release|x64.Build.0 = Release|Any CPU
		{B41A4FB1-805D-42E4-9F65-9CC80858E401}.Release|x86.ActiveCfg = Release|Any CPU
		{B41A4FB1-805D-42E4-9F65-9CC80858E401}.Release|x86.Build.0 = Release|Any CPU
	EndGlobalSection
	GlobalSection(SolutionProperties) = preSolution
		HideSolutionNode = FALSE
	EndGlobalSection
	GlobalSection(NestedProjects) = preSolution
		{97D941B8-120F-4407-9B4C-167B649B0AC4} = {827E0CD3-B72D-47B6-A68D-7590B98EB39B}
		{4D1E6218-1319-4E73-A131-26C25C8BEC32} = {827E0CD3-B72D-47B6-A68D-7590B98EB39B}
		{9701835A-29BE-4A79-AC73-78A7176DEFB1} = {827E0CD3-B72D-47B6-A68D-7590B98EB39B}
		{3F412E8A-E6BB-4715-AD49-1E1D0E7FE42F} = {827E0CD3-B72D-47B6-A68D-7590B98EB39B}
		{CBA818E2-C11D-4876-8E59-ABDDBDFA750E} = {827E0CD3-B72D-47B6-A68D-7590B98EB39B}
		{6AF7E7D0-7B50-43E1-A79B-28134FC31347} = {827E0CD3-B72D-47B6-A68D-7590B98EB39B}
		{94D549A0-B21A-4DB8-86F2-F077E0A9827E} = {827E0CD3-B72D-47B6-A68D-7590B98EB39B}
		{AC205C27-1039-4660-92AE-9D18BEAC8EBA} = {827E0CD3-B72D-47B6-A68D-7590B98EB39B}
		{6AF26427-E025-4747-8F37-EB53620606BE} = {827E0CD3-B72D-47B6-A68D-7590B98EB39B}
		{B41A4FB1-805D-42E4-9F65-9CC80858E401} = {0AB3BF05-4346-4AA6-1389-037BE0695223}
	EndGlobalSection
EndGlobal
